
Microsoft Visual Studio Solution File, Format Version 12.00
# Visual Studio Version 17
VisualStudioVersion = 17.4.33205.214
MinimumVisualStudioVersion = 10.0.40219.1
Project("{FAE04EC0-301F-11D3-BF4B-00C04F79EFBC}") = "CollectionOfObjectsExample", "CollectionOfObjectsExample\CollectionOfObjectsExample.csproj", "{CDD39ED8-F463-4AB1-B1C1-B98986E17A81}"
EndProject
Project("{FAE04EC0-301F-11D3-BF4B-00C04F79EFBC}") = "ClassLibrary1", "ClassLibrary1\ClassLibrary1.csproj", "{2472C0B7-A3A1-4447-BFBA-5881B56AF19A}"
EndProject
Global
	GlobalSection(SolutionConfigurationPlatforms) = preSolution
		Debug|Any CPU = Debug|Any CPU
		Release|Any CPU = Release|Any CPU
	EndGlobalSection
	GlobalSection(ProjectConfigurationPlatforms) = postSolution
		{CDD39ED8-F463-4AB1-B1C1-B98986E17A81}.Debug|Any CPU.ActiveCfg = Debug|Any CPU
		{CDD39ED8-F463-4AB1-B1C1-B98986E17A81}.Debug|Any CPU.Build.0 = Debug|Any CPU
		{CDD39ED8-F463-4AB1-B1C1-B98986E17A81}.Release|Any CPU.ActiveCfg = Release|Any CPU
		{CDD39ED8-F463-4AB1-B1C1-B98986E17A81}.Release|Any CPU.Build.0 = Release|Any CPU
		{2472C0B7-A3A1-4447-BFBA-5881B56AF19A}.Debug|Any CPU.ActiveCfg = Debug|Any CPU
		{2472C0B7-A3A1-4447-BFBA-5881B56AF19A}.Debug|Any CPU.Build.0 = Debug|Any CPU
		{2472C0B7-A3A1-4447-BFBA-5881B56AF19A}.Release|Any CPU.ActiveCfg = Release|Any CPU
		{2472C0B7-A3A1-4447-BFBA-5881B56AF19A}.Release|Any CPU.Build.0 = Release|Any CPU
	EndGlobalSection
	GlobalSection(SolutionProperties) = preSolution
		HideSolutionNode = FALSE
	EndGlobalSection
	GlobalSection(ExtensibilityGlobals) = postSolution
		SolutionGuid = {3DDC6A46-C1BE-4132-AF34-E5A4EBA82C5F}
	EndGlobalSection
EndGlobal
