
Microsoft Visual Studio Solution File, Format Version 12.00
# Visual Studio Version 17
VisualStudioVersion = 17.4.33205.214
MinimumVisualStudioVersion = 10.0.40219.1
Project("{FAE04EC0-301F-11D3-BF4B-00C04F79EFBC}") = "ObjectRelationsOneToOne", "ObjectRelationsOneToOne\ObjectRelationsOneToOne.csproj", "{F5DA1DFD-6BEC-4195-B5C1-DD5833B8E210}"
EndProject
Project("{FAE04EC0-301F-11D3-BF4B-00C04F79EFBC}") = "ClassLibrary1", "ClassLibrary1\ClassLibrary1.csproj", "{B9EA51DA-8E70-40DC-BC18-0E190A16AD8D}"
EndProject
Global
	GlobalSection(SolutionConfigurationPlatforms) = preSolution
		Debug|Any CPU = Debug|Any CPU
		Release|Any CPU = Release|Any CPU
	EndGlobalSection
	GlobalSection(ProjectConfigurationPlatforms) = postSolution
		{F5DA1DFD-6BEC-4195-B5C1-DD5833B8E210}.Debug|Any CPU.ActiveCfg = Debug|Any CPU
		{F5DA1DFD-6BEC-4195-B5C1-DD5833B8E210}.Debug|Any CPU.Build.0 = Debug|Any CPU
		{F5DA1DFD-6BEC-4195-B5C1-DD5833B8E210}.Release|Any CPU.ActiveCfg = Release|Any CPU
		{F5DA1DFD-6BEC-4195-B5C1-DD5833B8E210}.Release|Any CPU.Build.0 = Release|Any CPU
		{B9EA51DA-8E70-40DC-BC18-0E190A16AD8D}.Debug|Any CPU.ActiveCfg = Debug|Any CPU
		{B9EA51DA-8E70-40DC-BC18-0E190A16AD8D}.Debug|Any CPU.Build.0 = Debug|Any CPU
		{B9EA51DA-8E70-40DC-BC18-0E190A16AD8D}.Release|Any CPU.ActiveCfg = Release|Any CPU
		{B9EA51DA-8E70-40DC-BC18-0E190A16AD8D}.Release|Any CPU.Build.0 = Release|Any CPU
	EndGlobalSection
	GlobalSection(SolutionProperties) = preSolution
		HideSolutionNode = FALSE
	EndGlobalSection
	GlobalSection(ExtensibilityGlobals) = postSolution
		SolutionGuid = {AEA362E2-E5A6-4CA0-AB51-DEE086A94FA5}
	EndGlobalSection
EndGlobal
